
Microsoft Visual Studio Solution File, Format Version 12.00
# Visual Studio Version 17
VisualStudioVersion = 17.8.34525.116
MinimumVisualStudioVersion = 10.0.40219.1
Project("{9A19103F-16F7-4668-BE54-9A1E7A4F7556}") = "TesteLarTech.Domain", "TesteLarTech.Domain\TesteLarTech.Domain.csproj", "{31637E5B-4DE5-415C-86C7-DC919090B0B8}"
EndProject
Project("{9A19103F-16F7-4668-BE54-9A1E7A4F7556}") = "TesteLarTech.Infra", "TesteLarTech.Infra\TesteLarTech.Infra.csproj", "{3D6695F3-8243-4B0B-9EEF-E85D6C6B8FA2}"
EndProject
Project("{9A19103F-16F7-4668-BE54-9A1E7A4F7556}") = "TesteLarTech.Core", "TesteLarTech.Core\TesteLarTech.Core.csproj", "{9D155CBE-9C23-4A72-B233-3FA97D99B9CF}"
EndProject
Project("{9A19103F-16F7-4668-BE54-9A1E7A4F7556}") = "TesteLarTech.Api", "TesteLarTech.Api\TesteLarTech.Api.csproj", "{6726D73A-70F5-40A9-8F36-92F736FF45A7}"
EndProject
Project("{FAE04EC0-301F-11D3-BF4B-00C04F79EFBC}") = "TesteLarTech.Tests", "TesteLarTech.Tests\TesteLarTech.Tests.csproj", "{2F98223F-9F7A-40FE-8032-6A91F7CF6CA9}"
EndProject
Global
	GlobalSection(SolutionConfigurationPlatforms) = preSolution
		Debug|Any CPU = Debug|Any CPU
		Release|Any CPU = Release|Any CPU
	EndGlobalSection
	GlobalSection(ProjectConfigurationPlatforms) = postSolution
		{31637E5B-4DE5-415C-86C7-DC919090B0B8}.Debug|Any CPU.ActiveCfg = Debug|Any CPU
		{31637E5B-4DE5-415C-86C7-DC919090B0B8}.Debug|Any CPU.Build.0 = Debug|Any CPU
		{31637E5B-4DE5-415C-86C7-DC919090B0B8}.Release|Any CPU.ActiveCfg = Release|Any CPU
		{31637E5B-4DE5-415C-86C7-DC919090B0B8}.Release|Any CPU.Build.0 = Release|Any CPU
		{3D6695F3-8243-4B0B-9EEF-E85D6C6B8FA2}.Debug|Any CPU.ActiveCfg = Debug|Any CPU
		{3D6695F3-8243-4B0B-9EEF-E85D6C6B8FA2}.Debug|Any CPU.Build.0 = Debug|Any CPU
		{3D6695F3-8243-4B0B-9EEF-E85D6C6B8FA2}.Release|Any CPU.ActiveCfg = Release|Any CPU
		{3D6695F3-8243-4B0B-9EEF-E85D6C6B8FA2}.Release|Any CPU.Build.0 = Release|Any CPU
		{9D155CBE-9C23-4A72-B233-3FA97D99B9CF}.Debug|Any CPU.ActiveCfg = Debug|Any CPU
		{9D155CBE-9C23-4A72-B233-3FA97D99B9CF}.Debug|Any CPU.Build.0 = Debug|Any CPU
		{9D155CBE-9C23-4A72-B233-3FA97D99B9CF}.Release|Any CPU.ActiveCfg = Release|Any CPU
		{9D155CBE-9C23-4A72-B233-3FA97D99B9CF}.Release|Any CPU.Build.0 = Release|Any CPU
		{6726D73A-70F5-40A9-8F36-92F736FF45A7}.Debug|Any CPU.ActiveCfg = Debug|Any CPU
		{6726D73A-70F5-40A9-8F36-92F736FF45A7}.Debug|Any CPU.Build.0 = Debug|Any CPU
		{6726D73A-70F5-40A9-8F36-92F736FF45A7}.Release|Any CPU.ActiveCfg = Release|Any CPU
		{6726D73A-70F5-40A9-8F36-92F736FF45A7}.Release|Any CPU.Build.0 = Release|Any CPU
		{2F98223F-9F7A-40FE-8032-6A91F7CF6CA9}.Debug|Any CPU.ActiveCfg = Debug|Any CPU
		{2F98223F-9F7A-40FE-8032-6A91F7CF6CA9}.Debug|Any CPU.Build.0 = Debug|Any CPU
		{2F98223F-9F7A-40FE-8032-6A91F7CF6CA9}.Release|Any CPU.ActiveCfg = Release|Any CPU
		{2F98223F-9F7A-40FE-8032-6A91F7CF6CA9}.Release|Any CPU.Build.0 = Release|Any CPU
	EndGlobalSection
	GlobalSection(SolutionProperties) = preSolution
		HideSolutionNode = FALSE
	EndGlobalSection
	GlobalSection(ExtensibilityGlobals) = postSolution
		SolutionGuid = {FD5BEE3E-EB98-4EC2-B044-4C21C6FF27DC}
	EndGlobalSection
EndGlobal
